<?xml version="1.0" encoding="utf-8"?>
<Project ToolsVersion="4.0" xmlns="http://schemas.microsoft.com/developer/msbuild/2003">
  <ItemGroup>
    <Filter Include="win32">
      <UniqueIdentifier>{84a8ebd7-7cf0-47f6-b75e-d441df67da40}</UniqueIdentifier>
    </Filter>
    <Filter Include="Classes">
      <UniqueIdentifier>{bb6c862e-70e9-49d9-81b7-3829a6f50471}</UniqueIdentifier>
    </Filter>
    <Filter Include="cocoswidget">
      <UniqueIdentifier>{7e27fa87-88bc-4e12-b41d-126272b25197}</UniqueIdentifier>
    </Filter>
    <Filter Include="Classes\ButtonTest">
      <UniqueIdentifier>{e20714be-12d5-48d9-b373-8b6bb384565a}</UniqueIdentifier>
    </Filter>
    <Filter Include="Classes\LabelTest">
      <UniqueIdentifier>{648b45db-125c-442d-b528-1d09a335504e}</UniqueIdentifier>
    </Filter>
    <Filter Include="Classes\PanelTest">
      <UniqueIdentifier>{30a5ac4f-9d41-4904-8932-f83e3ed71964}</UniqueIdentifier>
    </Filter>
    <Filter Include="Classes\GridViewTest">
      <UniqueIdentifier>{c4298777-2c92-4aeb-bae8-d30254e9b4ea}</UniqueIdentifier>
    </Filter>
    <Filter Include="Classes\PageViewTest">
      <UniqueIdentifier>{7e457c17-c94e-4493-b97c-698ceaa44412}</UniqueIdentifier>
    </Filter>
    <Filter Include="Classes\TableViewTest">
      <UniqueIdentifier>{710fe1fb-c305-4ea9-8559-1dd6b6a11d97}</UniqueIdentifier>
    </Filter>
    <Filter Include="Classes\ScrollViewTest">
      <UniqueIdentifier>{30095c3d-b98d-40d6-95d0-1703be6a60da}</UniqueIdentifier>
    </Filter>
    <Filter Include="Classes\TableGridViewTest">
      <UniqueIdentifier>{5219b026-e934-44b1-bb53-bcc526778b9b}</UniqueIdentifier>
    </Filter>
    <Filter Include="Classes\ToggleViewTest">
      <UniqueIdentifier>{ca6bc47a-5736-46fb-866f-32450e5c2245}</UniqueIdentifier>
    </Filter>
    <Filter Include="Classes\ListViewTest">
      <UniqueIdentifier>{95e19f21-ffdd-4b0e-b7f8-edd5db300120}</UniqueIdentifier>
    </Filter>
  </ItemGroup>
  <ItemGroup>
    <ClCompile Include="main.cpp">
      <Filter>win32</Filter>
    </ClCompile>
    <ClCompile Include="..\Classes\AppDelegate.cpp">
      <Filter>Classes</Filter>
    </ClCompile>
    <ClCompile Include="..\Classes\MenuScene.cpp">
      <Filter>Classes</Filter>
    </ClCompile>
    <ClCompile Include="..\Classes\cocoswidget\Button.cpp">
      <Filter>cocoswidget</Filter>
    </ClCompile>
    <ClCompile Include="..\Classes\cocoswidget\GridView.cpp">
      <Filter>cocoswidget</Filter>
    </ClCompile>
    <ClCompile Include="..\Classes\cocoswidget\Label.cpp">
      <Filter>cocoswidget</Filter>
    </ClCompile>
    <ClCompile Include="..\Classes\cocoswidget\LabelAtlas.cpp">
      <Filter>cocoswidget</Filter>
    </ClCompile>
    <ClCompile Include="..\Classes\cocoswidget\LabelBMFont.cpp">
      <Filter>cocoswidget</Filter>
    </ClCompile>
    <ClCompile Include="..\Classes\cocoswidget\PageView.cpp">
      <Filter>cocoswidget</Filter>
    </ClCompile>
    <ClCompile Include="..\Classes\cocoswidget\Panel.cpp">
      <Filter>cocoswidget</Filter>
    </ClCompile>
    <ClCompile Include="..\Classes\cocoswidget\Scale9Sprite.cpp">
      <Filter>cocoswidget</Filter>
    </ClCompile>
    <ClCompile Include="..\Classes\cocoswidget\ScrollView.cpp">
      <Filter>cocoswidget</Filter>
    </ClCompile>
    <ClCompile Include="..\Classes\cocoswidget\TableGridView.cpp">
      <Filter>cocoswidget</Filter>
    </ClCompile>
    <ClCompile Include="..\Classes\cocoswidget\TableView.cpp">
      <Filter>cocoswidget</Filter>
    </ClCompile>
    <ClCompile Include="..\Classes\cocoswidget\ToggleView.cpp">
      <Filter>cocoswidget</Filter>
    </ClCompile>
    <ClCompile Include="..\Classes\cocoswidget\Widget.cpp">
      <Filter>cocoswidget</Filter>
    </ClCompile>
    <ClCompile Include="..\Classes\cocoswidget\WidgetLayout.cpp">
      <Filter>cocoswidget</Filter>
    </ClCompile>
    <ClCompile Include="..\Classes\cocoswidget\ImageView.cpp">
      <Filter>cocoswidget</Filter>
    </ClCompile>
    <ClCompile Include="..\Classes\cocoswidget\ImageViewScale9.cpp">
      <Filter>cocoswidget</Filter>
    </ClCompile>
    <ClCompile Include="..\Classes\testwidget\ButtonTest\ButtonTest.cpp">
      <Filter>Classes\ButtonTest</Filter>
    </ClCompile>
    <ClCompile Include="..\Classes\testwidget\LabelTest\LabelTest.cpp">
      <Filter>Classes\LabelTest</Filter>
    </ClCompile>
    <ClCompile Include="..\Classes\testwidget\PanelTest\PanelTest.cpp">
      <Filter>Classes\PanelTest</Filter>
    </ClCompile>
    <ClCompile Include="..\Classes\testwidget\GridViewTest\GridViewTest.cpp">
      <Filter>Classes\GridViewTest</Filter>
    </ClCompile>
    <ClCompile Include="..\Classes\testwidget\TableGridViewTest\TableGridViewTest.cpp">
      <Filter>Classes\TableGridViewTest</Filter>
    </ClCompile>
    <ClCompile Include="..\Classes\testwidget\ScrollViewTest\ScrollViewTest.cpp">
      <Filter>Classes\ScrollViewTest</Filter>
    </ClCompile>
    <ClCompile Include="..\Classes\testwidget\TableViewTest\TableViewTest.cpp">
      <Filter>Classes\TableViewTest</Filter>
    </ClCompile>
    <ClCompile Include="..\Classes\testwidget\PageViewTest\PageViewTest.cpp">
      <Filter>Classes\PageViewTest</Filter>
    </ClCompile>
    <ClCompile Include="..\Classes\testwidget\ToggleViewTest\ToggleViewTest.cpp">
      <Filter>Classes\ToggleViewTest</Filter>
    </ClCompile>
    <ClCompile Include="..\Classes\cocoswidget\ListView.cpp">
      <Filter>cocoswidget</Filter>
    </ClCompile>
    <ClCompile Include="..\Classes\cocoswidget\CheckBox.cpp">
      <Filter>cocoswidget</Filter>
    </ClCompile>
    <ClCompile Include="..\Classes\cocoswidget\ControlView.cpp">
      <Filter>cocoswidget</Filter>
    </ClCompile>
    <ClCompile Include="..\Classes\cocoswidget\LabelRich.cpp">
      <Filter>cocoswidget</Filter>
    </ClCompile>
    <ClCompile Include="..\Classes\cocoswidget\Slider.cpp">
      <Filter>cocoswidget</Filter>
    </ClCompile>
    <ClCompile Include="..\Classes\cocoswidget\TextField.cpp">
      <Filter>cocoswidget</Filter>
    </ClCompile>
    <ClCompile Include="..\Classes\testwidget\ListViewTest\ListViewTest.cpp">
      <Filter>Classes\ListViewTest</Filter>
    </ClCompile>
  </ItemGroup>
  <ItemGroup>
    <ClInclude Include="main.h">
      <Filter>win32</Filter>
    </ClInclude>
    <ClInclude Include="..\Classes\AppDelegate.h">
      <Filter>Classes</Filter>
    </ClInclude>
    <ClInclude Include="..\Classes\MenuScene.h">
      <Filter>Classes</Filter>
    </ClInclude>
    <ClInclude Include="..\Classes\cocoswidget\Button.h">
      <Filter>cocoswidget</Filter>
    </ClInclude>
    <ClInclude Include="..\Classes\cocoswidget\cocos-widget.h">
      <Filter>cocoswidget</Filter>
    </ClInclude>
    <ClInclude Include="..\Classes\cocoswidget\GridView.h">
      <Filter>cocoswidget</Filter>
    </ClInclude>
    <ClInclude Include="..\Classes\cocoswidget\Label.h">
      <Filter>cocoswidget</Filter>
    </ClInclude>
    <ClInclude Include="..\Classes\cocoswidget\LabelAtlas.h">
      <Filter>cocoswidget</Filter>
    </ClInclude>
    <ClInclude Include="..\Classes\cocoswidget\LabelBMFont.h">
      <Filter>cocoswidget</Filter>
    </ClInclude>
    <ClInclude Include="..\Classes\cocoswidget\PageView.h">
      <Filter>cocoswidget</Filter>
    </ClInclude>
    <ClInclude Include="..\Classes\cocoswidget\Panel.h">
      <Filter>cocoswidget</Filter>
    </ClInclude>
    <ClInclude Include="..\Classes\cocoswidget\Scale9Sprite.h">
      <Filter>cocoswidget</Filter>
    </ClInclude>
    <ClInclude Include="..\Classes\cocoswidget\ScrollView.h">
      <Filter>cocoswidget</Filter>
    </ClInclude>
    <ClInclude Include="..\Classes\cocoswidget\TableGridView.h">
      <Filter>cocoswidget</Filter>
    </ClInclude>
    <ClInclude Include="..\Classes\cocoswidget\TableView.h">
      <Filter>cocoswidget</Filter>
    </ClInclude>
    <ClInclude Include="..\Classes\cocoswidget\ToggleView.h">
      <Filter>cocoswidget</Filter>
    </ClInclude>
    <ClInclude Include="..\Classes\cocoswidget\Widget.h">
      <Filter>cocoswidget</Filter>
    </ClInclude>
    <ClInclude Include="..\Classes\cocoswidget\WidgetLayout.h">
      <Filter>cocoswidget</Filter>
    </ClInclude>
    <ClInclude Include="..\Classes\cocoswidget\WidgetMacros.h">
      <Filter>cocoswidget</Filter>
    </ClInclude>
    <ClInclude Include="..\Classes\cocoswidget\ImageView.h">
      <Filter>cocoswidget</Filter>
    </ClInclude>
    <ClInclude Include="..\Classes\cocoswidget\ImageViewScale9.h">
      <Filter>cocoswidget</Filter>
    </ClInclude>
    <ClInclude Include="..\Classes\testwidget\ButtonTest\ButtonTest.h">
      <Filter>Classes\ButtonTest</Filter>
    </ClInclude>
    <ClInclude Include="..\Classes\testwidget\LabelTest\LabelTest.h">
      <Filter>Classes\LabelTest</Filter>
    </ClInclude>
    <ClInclude Include="..\Classes\testwidget\PanelTest\PanelTest.h">
      <Filter>Classes\PanelTest</Filter>
    </ClInclude>
    <ClInclude Include="..\Classes\testwidget\GridViewTest\GridViewTest.h">
      <Filter>Classes\GridViewTest</Filter>
    </ClInclude>
    <ClInclude Include="..\Classes\testwidget\TableGridViewTest\TableGridViewTest.h">
      <Filter>Classes\TableGridViewTest</Filter>
    </ClInclude>
    <ClInclude Include="..\Classes\testwidget\ScrollViewTest\ScrollViewTest.h">
      <Filter>Classes\ScrollViewTest</Filter>
    </ClInclude>
    <ClInclude Include="..\Classes\testwidget\TableViewTest\TableViewTest.h">
      <Filter>Classes\TableViewTest</Filter>
    </ClInclude>
    <ClInclude Include="..\Classes\testwidget\PageViewTest\PageViewTest.h">
      <Filter>Classes\PageViewTest</Filter>
    </ClInclude>
    <ClInclude Include="..\Classes\testwidget\ToggleViewTest\ToggleViewTest.h">
      <Filter>Classes\ToggleViewTest</Filter>
    </ClInclude>
    <ClInclude Include="..\Classes\cocoswidget\ListView.h">
      <Filter>cocoswidget</Filter>
    </ClInclude>
    <ClInclude Include="..\Classes\cocoswidget\CheckBox.h">
      <Filter>cocoswidget</Filter>
    </ClInclude>
    <ClInclude Include="..\Classes\cocoswidget\ControlView.h">
      <Filter>cocoswidget</Filter>
    </ClInclude>
    <ClInclude Include="..\Classes\cocoswidget\LabelRich.h">
      <Filter>cocoswidget</Filter>
    </ClInclude>
    <ClInclude Include="..\Classes\cocoswidget\Slider.h">
      <Filter>cocoswidget</Filter>
    </ClInclude>
    <ClInclude Include="..\Classes\cocoswidget\TextField.h">
      <Filter>cocoswidget</Filter>
    </ClInclude>
    <ClInclude Include="..\Classes\testwidget\ListViewTest\ListViewTest.h">
      <Filter>Classes\ListViewTest</Filter>
    </ClInclude>
  </ItemGroup>
</Project>